// !$*UTF8*$!
{
	archiveVersion = 1;
	classes = {
	};
	objectVersion = 46;
	objects = {

/* Begin PBXBuildFile section */
		AE1580AC1CC495AE00A9CF95 /* Social.framework in Frameworks */ = {isa = PBXBuildFile; fileRef = AE1580AB1CC495AE00A9CF95 /* Social.framework */; };
		AE1C07D31CBED7CF007BFD4A /* Organization.m in Sources */ = {isa = PBXBuildFile; fileRef = AE1C07CE1CBED7CF007BFD4A /* Organization.m */; };
		AE1C07D41CBED7CF007BFD4A /* Posting.m in Sources */ = {isa = PBXBuildFile; fileRef = AE1C07D01CBED7CF007BFD4A /* Posting.m */; };
		AE1C07D51CBED7CF007BFD4A /* PostingUtility.m in Sources */ = {isa = PBXBuildFile; fileRef = AE1C07D21CBED7CF007BFD4A /* PostingUtility.m */; };
		AE4FFE6E1CBC96E1006B3179 /* CommentTableViewCell.m in Sources */ = {isa = PBXBuildFile; fileRef = AE4FFE6D1CBC96E1006B3179 /* CommentTableViewCell.m */; };
		AE4FFE711CBC97EE006B3179 /* User.m in Sources */ = {isa = PBXBuildFile; fileRef = AE4FFE701CBC97EE006B3179 /* User.m */; };
		AE4FFE741CBCA1EE006B3179 /* UserUtility.m in Sources */ = {isa = PBXBuildFile; fileRef = AE4FFE731CBCA1EE006B3179 /* UserUtility.m */; };
		AED639491CAF132300C1972E /* main.m in Sources */ = {isa = PBXBuildFile; fileRef = AED639481CAF132300C1972E /* main.m */; };
		AED639541CAF132300C1972E /* Assets.xcassets in Resources */ = {isa = PBXBuildFile; fileRef = AED639531CAF132300C1972E /* Assets.xcassets */; };
		AED639721CAF144100C1972E /* AppDelegate.m in Sources */ = {isa = PBXBuildFile; fileRef = AED639631CAF144100C1972E /* AppDelegate.m */; };
		AED639731CAF144100C1972E /* OrganizationProfileViewController.m in Sources */ = {isa = PBXBuildFile; fileRef = AED639651CAF144100C1972E /* OrganizationProfileViewController.m */; };
		AED639741CAF144100C1972E /* OrganizationProfileViewController.xib in Resources */ = {isa = PBXBuildFile; fileRef = AED639661CAF144100C1972E /* OrganizationProfileViewController.xib */; };
		AED639751CAF144100C1972E /* OrganizationRegisterViewController.m in Sources */ = {isa = PBXBuildFile; fileRef = AED639681CAF144100C1972E /* OrganizationRegisterViewController.m */; };
		AED639761CAF144100C1972E /* OrganizationRegisterViewController.xib in Resources */ = {isa = PBXBuildFile; fileRef = AED639691CAF144100C1972E /* OrganizationRegisterViewController.xib */; };
		AED639771CAF144100C1972E /* ProfileViewController.m in Sources */ = {isa = PBXBuildFile; fileRef = AED6396B1CAF144100C1972E /* ProfileViewController.m */; };
		AED639781CAF144100C1972E /* ProfileViewController.xib in Resources */ = {isa = PBXBuildFile; fileRef = AED6396C1CAF144100C1972E /* ProfileViewController.xib */; };
		AED639791CAF144100C1972E /* RegisterViewController.m in Sources */ = {isa = PBXBuildFile; fileRef = AED6396E1CAF144100C1972E /* RegisterViewController.m */; };
		AED6397A1CAF144100C1972E /* RegisterViewController.xib in Resources */ = {isa = PBXBuildFile; fileRef = AED6396F1CAF144100C1972E /* RegisterViewController.xib */; };
		AED6397B1CAF144100C1972E /* ViewController.m in Sources */ = {isa = PBXBuildFile; fileRef = AED639711CAF144100C1972E /* ViewController.m */; };
		AED639801CAF14E000C1972E /* anonymous.jpg in Resources */ = {isa = PBXBuildFile; fileRef = AED6397C1CAF14E000C1972E /* anonymous.jpg */; };
		AED639811CAF14E000C1972E /* browser-icon.png in Resources */ = {isa = PBXBuildFile; fileRef = AED6397D1CAF14E000C1972E /* browser-icon.png */; };
		AED639821CAF14E000C1972E /* chat-icon.png in Resources */ = {isa = PBXBuildFile; fileRef = AED6397E1CAF14E000C1972E /* chat-icon.png */; };
		AED639831CAF14E000C1972E /* profle-icon.png in Resources */ = {isa = PBXBuildFile; fileRef = AED6397F1CAF14E000C1972E /* profle-icon.png */; };
		AED6398A1CAF150000C1972E /* AddCommentViewController.xib in Resources */ = {isa = PBXBuildFile; fileRef = AED639841CAF150000C1972E /* AddCommentViewController.xib */; };
		AED6398B1CAF150000C1972E /* AddTopicViewController.xib in Resources */ = {isa = PBXBuildFile; fileRef = AED639851CAF150000C1972E /* AddTopicViewController.xib */; };
		AED6398C1CAF150000C1972E /* CommentsViewController.xib in Resources */ = {isa = PBXBuildFile; fileRef = AED639861CAF150000C1972E /* CommentsViewController.xib */; };
		AED6398D1CAF150000C1972E /* CommentTableViewCell.xib in Resources */ = {isa = PBXBuildFile; fileRef = AED639871CAF150000C1972E /* CommentTableViewCell.xib */; };
		AED6398E1CAF150000C1972E /* TopicsViewController.xib in Resources */ = {isa = PBXBuildFile; fileRef = AED639881CAF150000C1972E /* TopicsViewController.xib */; };
		AED6398F1CAF150000C1972E /* WebViewController.xib in Resources */ = {isa = PBXBuildFile; fileRef = AED639891CAF150000C1972E /* WebViewController.xib */; };
		AED6399D1CAF155800C1972E /* AddCommentViewController.m in Sources */ = {isa = PBXBuildFile; fileRef = AED639941CAF155800C1972E /* AddCommentViewController.m */; };
		AED6399E1CAF155800C1972E /* AddTopicViewController.m in Sources */ = {isa = PBXBuildFile; fileRef = AED639961CAF155800C1972E /* AddTopicViewController.m */; };
		AED6399F1CAF155800C1972E /* CommentsViewController.m in Sources */ = {isa = PBXBuildFile; fileRef = AED639981CAF155800C1972E /* CommentsViewController.m */; };
		AED639A01CAF155800C1972E /* TopicsViewController.m in Sources */ = {isa = PBXBuildFile; fileRef = AED6399A1CAF155800C1972E /* TopicsViewController.m */; };
		AED639A11CAF155800C1972E /* WebViewController.m in Sources */ = {isa = PBXBuildFile; fileRef = AED6399C1CAF155800C1972E /* WebViewController.m */; };
		AEEB210C1CBEB7C100091DA2 /* DashBoardViewController.m in Sources */ = {isa = PBXBuildFile; fileRef = AEEB210A1CBEB7C100091DA2 /* DashBoardViewController.m */; };
		AEEB210D1CBEB7C100091DA2 /* DashBoardViewController.xib in Resources */ = {isa = PBXBuildFile; fileRef = AEEB210B1CBEB7C100091DA2 /* DashBoardViewController.xib */; };
		AEEB210F1CBEBF4A00091DA2 /* View.xib in Resources */ = {isa = PBXBuildFile; fileRef = AEEB210E1CBEBF4A00091DA2 /* View.xib */; };
		AEEB21111CBEBFEB00091DA2 /* LaunchScreen.storyboard in Resources */ = {isa = PBXBuildFile; fileRef = AEEB21101CBEBFEB00091DA2 /* LaunchScreen.storyboard */; };
		AEEB21151CBEC90E00091DA2 /* AboutUsViewController.m in Sources */ = {isa = PBXBuildFile; fileRef = AEEB21131CBEC90E00091DA2 /* AboutUsViewController.m */; };
		AEEB21161CBEC90E00091DA2 /* AboutUsViewController.xib in Resources */ = {isa = PBXBuildFile; fileRef = AEEB21141CBEC90E00091DA2 /* AboutUsViewController.xib */; };
		AEEB21181CBECB1C00091DA2 /* AVFoundation.framework in Frameworks */ = {isa = PBXBuildFile; fileRef = AEEB21171CBECB1C00091DA2 /* AVFoundation.framework */; };
		AEEB211B1CBEFBAD00091DA2 /* SiteCell.m in Sources */ = {isa = PBXBuildFile; fileRef = AEEB211A1CBEFBAD00091DA2 /* SiteCell.m */; };
		AEEB21221CBEFBF900091DA2 /* CreatePostingsViewController.m in Sources */ = {isa = PBXBuildFile; fileRef = AEEB211D1CBEFBF900091DA2 /* CreatePostingsViewController.m */; };
		AEEB21241CBEFBF900091DA2 /* ViewPostingsViewController.m in Sources */ = {isa = PBXBuildFile; fileRef = AEEB21211CBEFBF900091DA2 /* ViewPostingsViewController.m */; };
		AEEB21281CBEFC1300091DA2 /* CreatePostingsViewController.xib in Resources */ = {isa = PBXBuildFile; fileRef = AEEB21251CBEFC1300091DA2 /* CreatePostingsViewController.xib */; };
		AEEB212A1CBEFC1300091DA2 /* ViewPostingDetailsController.xib in Resources */ = {isa = PBXBuildFile; fileRef = AEEB21271CBEFC1300091DA2 /* ViewPostingDetailsController.xib */; };
		AEEB21331CBF00B000091DA2 /* AllPostingsViewController.m in Sources */ = {isa = PBXBuildFile; fileRef = AEEB21311CBF00B000091DA2 /* AllPostingsViewController.m */; };
		AEEB21341CBF00B000091DA2 /* AllPostingsViewController.xib in Resources */ = {isa = PBXBuildFile; fileRef = AEEB21321CBF00B000091DA2 /* AllPostingsViewController.xib */; };
		AEEB21361CBF0EA500091DA2 /* MapKit.framework in Frameworks */ = {isa = PBXBuildFile; fileRef = AEEB21351CBF0EA500091DA2 /* MapKit.framework */; };
		AEED2F491CBC2C8400492727 /* pageturn.wav in Resources */ = {isa = PBXBuildFile; fileRef = AEED2F481CBC2C8400492727 /* pageturn.wav */; };
/* End PBXBuildFile section */

/* Begin PBXFileReference section */
		AE1580AB1CC495AE00A9CF95 /* Social.framework */ = {isa = PBXFileReference; lastKnownFileType = wrapper.framework; name = Social.framework; path = System/Library/Frameworks/Social.framework; sourceTree = SDKROOT; };
		AE1C07CD1CBED7CF007BFD4A /* Organization.h */ = {isa = PBXFileReference; fileEncoding = 4; lastKnownFileType = sourcecode.c.h; name = Organization.h; path = "Special Classes/Organization.h"; sourceTree = "<group>"; };
		AE1C07CE1CBED7CF007BFD4A /* Organization.m */ = {isa = PBXFileReference; fileEncoding = 4; lastKnownFileType = sourcecode.c.objc; name = Organization.m; path = "Special Classes/Organization.m"; sourceTree = "<group>"; };
		AE1C07CF1CBED7CF007BFD4A /* Posting.h */ = {isa = PBXFileReference; fileEncoding = 4; lastKnownFileType = sourcecode.c.h; name = Posting.h; path = "Special Classes/Posting.h"; sourceTree = "<group>"; };
		AE1C07D01CBED7CF007BFD4A /* Posting.m */ = {isa = PBXFileReference; fileEncoding = 4; lastKnownFileType = sourcecode.c.objc; name = Posting.m; path = "Special Classes/Posting.m"; sourceTree = "<group>"; };
		AE1C07D11CBED7CF007BFD4A /* PostingUtility.h */ = {isa = PBXFileReference; fileEncoding = 4; lastKnownFileType = sourcecode.c.h; name = PostingUtility.h; path = "Special Classes/PostingUtility.h"; sourceTree = "<group>"; };
		AE1C07D21CBED7CF007BFD4A /* PostingUtility.m */ = {isa = PBXFileReference; fileEncoding = 4; lastKnownFileType = sourcecode.c.objc; name = PostingUtility.m; path = "Special Classes/PostingUtility.m"; sourceTree = "<group>"; };
		AE4FFE6D1CBC96E1006B3179 /* CommentTableViewCell.m */ = {isa = PBXFileReference; fileEncoding = 4; lastKnownFileType = sourcecode.c.objc; name = CommentTableViewCell.m; path = "Special Classes/CommentTableViewCell.m"; sourceTree = "<group>"; };
		AE4FFE6F1CBC97EE006B3179 /* User.h */ = {isa = PBXFileReference; fileEncoding = 4; lastKnownFileType = sourcecode.c.h; name = User.h; path = "Special Classes/User.h"; sourceTree = "<group>"; };
		AE4FFE701CBC97EE006B3179 /* User.m */ = {isa = PBXFileReference; fileEncoding = 4; lastKnownFileType = sourcecode.c.objc; name = User.m; path = "Special Classes/User.m"; sourceTree = "<group>"; };
		AE4FFE721CBCA1EE006B3179 /* UserUtility.h */ = {isa = PBXFileReference; fileEncoding = 4; lastKnownFileType = sourcecode.c.h; name = UserUtility.h; path = "Special Classes/UserUtility.h"; sourceTree = "<group>"; };
		AE4FFE731CBCA1EE006B3179 /* UserUtility.m */ = {isa = PBXFileReference; fileEncoding = 4; lastKnownFileType = sourcecode.c.objc; name = UserUtility.m; path = "Special Classes/UserUtility.m"; sourceTree = "<group>"; };
		AED639441CAF132300C1972E /* Ladder.app */ = {isa = PBXFileReference; explicitFileType = wrapper.application; includeInIndex = 0; path = Ladder.app; sourceTree = BUILT_PRODUCTS_DIR; };
		AED639481CAF132300C1972E /* main.m */ = {isa = PBXFileReference; lastKnownFileType = sourcecode.c.objc; path = main.m; sourceTree = "<group>"; };
		AED639531CAF132300C1972E /* Assets.xcassets */ = {isa = PBXFileReference; lastKnownFileType = folder.assetcatalog; path = Assets.xcassets; sourceTree = "<group>"; };
		AED639581CAF132300C1972E /* Info.plist */ = {isa = PBXFileReference; lastKnownFileType = text.plist.xml; path = Info.plist; sourceTree = "<group>"; };
		AED639621CAF144100C1972E /* AppDelegate.h */ = {isa = PBXFileReference; fileEncoding = 4; lastKnownFileType = sourcecode.c.h; name = AppDelegate.h; path = "Special Classes/AppDelegate.h"; sourceTree = "<group>"; };
		AED639631CAF144100C1972E /* AppDelegate.m */ = {isa = PBXFileReference; fileEncoding = 4; lastKnownFileType = sourcecode.c.objc; name = AppDelegate.m; path = "Special Classes/AppDelegate.m"; sourceTree = "<group>"; };
		AED639641CAF144100C1972E /* OrganizationProfileViewController.h */ = {isa = PBXFileReference; fileEncoding = 4; lastKnownFileType = sourcecode.c.h; name = OrganizationProfileViewController.h; path = "View Controllers/OrganizationProfileViewController.h"; sourceTree = "<group>"; };
		AED639651CAF144100C1972E /* OrganizationProfileViewController.m */ = {isa = PBXFileReference; fileEncoding = 4; lastKnownFileType = sourcecode.c.objc; name = OrganizationProfileViewController.m; path = "View Controllers/OrganizationProfileViewController.m"; sourceTree = "<group>"; };
		AED639661CAF144100C1972E /* OrganizationProfileViewController.xib */ = {isa = PBXFileReference; fileEncoding = 4; lastKnownFileType = file.xib; name = OrganizationProfileViewController.xib; path = Nibs/OrganizationProfileViewController.xib; sourceTree = "<group>"; };
		AED639671CAF144100C1972E /* OrganizationRegisterViewController.h */ = {isa = PBXFileReference; fileEncoding = 4; lastKnownFileType = sourcecode.c.h; name = OrganizationRegisterViewController.h; path = "View Controllers/OrganizationRegisterViewController.h"; sourceTree = "<group>"; };
		AED639681CAF144100C1972E /* OrganizationRegisterViewController.m */ = {isa = PBXFileReference; fileEncoding = 4; lastKnownFileType = sourcecode.c.objc; name = OrganizationRegisterViewController.m; path = "View Controllers/OrganizationRegisterViewController.m"; sourceTree = "<group>"; };
		AED639691CAF144100C1972E /* OrganizationRegisterViewController.xib */ = {isa = PBXFileReference; fileEncoding = 4; lastKnownFileType = file.xib; name = OrganizationRegisterViewController.xib; path = Nibs/OrganizationRegisterViewController.xib; sourceTree = "<group>"; };
		AED6396A1CAF144100C1972E /* ProfileViewController.h */ = {isa = PBXFileReference; fileEncoding = 4; lastKnownFileType = sourcecode.c.h; name = ProfileViewController.h; path = "View Controllers/ProfileViewController.h"; sourceTree = "<group>"; };
		AED6396B1CAF144100C1972E /* ProfileViewController.m */ = {isa = PBXFileReference; fileEncoding = 4; lastKnownFileType = sourcecode.c.objc; name = ProfileViewController.m; path = "View Controllers/ProfileViewController.m"; sourceTree = "<group>"; };
		AED6396C1CAF144100C1972E /* ProfileViewController.xib */ = {isa = PBXFileReference; fileEncoding = 4; lastKnownFileType = file.xib; name = ProfileViewController.xib; path = Nibs/ProfileViewController.xib; sourceTree = "<group>"; };
		AED6396D1CAF144100C1972E /* ProfileViewController.h */ = {isa = PBXFileReference; fileEncoding = 4; lastKnownFileType = sourcecode.c.h; name = ProfileViewController.h; path = "View Controllers/ProfileViewController.h"; sourceTree = "<group>"; };
		AED6396E1CAF144100C1972E /* RegisterViewController.m */ = {isa = PBXFileReference; fileEncoding = 4; lastKnownFileType = sourcecode.c.objc; name = RegisterViewController.m; path = "View Controllers/RegisterViewController.m"; sourceTree = "<group>"; };
		AED6396F1CAF144100C1972E /* RegisterViewController.xib */ = {isa = PBXFileReference; fileEncoding = 4; lastKnownFileType = file.xib; name = RegisterViewController.xib; path = Nibs/RegisterViewController.xib; sourceTree = "<group>"; };
		AED639701CAF144100C1972E /* ViewController.h */ = {isa = PBXFileReference; fileEncoding = 4; lastKnownFileType = sourcecode.c.h; name = ViewController.h; path = "View Controllers/ViewController.h"; sourceTree = "<group>"; };
		AED639711CAF144100C1972E /* ViewController.m */ = {isa = PBXFileReference; fileEncoding = 4; lastKnownFileType = sourcecode.c.objc; name = ViewController.m; path = "View Controllers/ViewController.m"; sourceTree = "<group>"; };
		AED6397C1CAF14E000C1972E /* anonymous.jpg */ = {isa = PBXFileReference; lastKnownFileType = image.jpeg; name = anonymous.jpg; path = Images/anonymous.jpg; sourceTree = "<group>"; };
		AED6397D1CAF14E000C1972E /* browser-icon.png */ = {isa = PBXFileReference; lastKnownFileType = image.png; name = "browser-icon.png"; path = "Images/browser-icon.png"; sourceTree = "<group>"; };
		AED6397E1CAF14E000C1972E /* chat-icon.png */ = {isa = PBXFileReference; lastKnownFileType = image.png; name = "chat-icon.png"; path = "Images/chat-icon.png"; sourceTree = "<group>"; };
		AED6397F1CAF14E000C1972E /* profle-icon.png */ = {isa = PBXFileReference; lastKnownFileType = image.png; name = "profle-icon.png"; path = "Images/profle-icon.png"; sourceTree = "<group>"; };
		AED639841CAF150000C1972E /* AddCommentViewController.xib */ = {isa = PBXFileReference; fileEncoding = 4; lastKnownFileType = file.xib; name = AddCommentViewController.xib; path = Nibs/AddCommentViewController.xib; sourceTree = "<group>"; };
		AED639851CAF150000C1972E /* AddTopicViewController.xib */ = {isa = PBXFileReference; fileEncoding = 4; lastKnownFileType = file.xib; name = AddTopicViewController.xib; path = Nibs/AddTopicViewController.xib; sourceTree = "<group>"; };
		AED639861CAF150000C1972E /* CommentsViewController.xib */ = {isa = PBXFileReference; fileEncoding = 4; lastKnownFileType = file.xib; name = CommentsViewController.xib; path = Nibs/CommentsViewController.xib; sourceTree = "<group>"; };
		AED639871CAF150000C1972E /* CommentTableViewCell.xib */ = {isa = PBXFileReference; fileEncoding = 4; lastKnownFileType = file.xib; name = CommentTableViewCell.xib; path = Nibs/CommentTableViewCell.xib; sourceTree = "<group>"; };
		AED639881CAF150000C1972E /* TopicsViewController.xib */ = {isa = PBXFileReference; fileEncoding = 4; lastKnownFileType = file.xib; name = TopicsViewController.xib; path = Nibs/TopicsViewController.xib; sourceTree = "<group>"; };
		AED639891CAF150000C1972E /* WebViewController.xib */ = {isa = PBXFileReference; fileEncoding = 4; lastKnownFileType = file.xib; name = WebViewController.xib; path = Nibs/WebViewController.xib; sourceTree = "<group>"; };
		AED639901CAF153300C1972E /* CommentTableViewCell.h */ = {isa = PBXFileReference; fileEncoding = 4; lastKnownFileType = sourcecode.c.h; name = CommentTableViewCell.h; path = "Special Classes/CommentTableViewCell.h"; sourceTree = "<group>"; };
		AED639931CAF155800C1972E /* AddCommentViewController.h */ = {isa = PBXFileReference; fileEncoding = 4; lastKnownFileType = sourcecode.c.h; name = AddCommentViewController.h; path = "View Controllers/AddCommentViewController.h"; sourceTree = "<group>"; };
		AED639941CAF155800C1972E /* AddCommentViewController.m */ = {isa = PBXFileReference; fileEncoding = 4; lastKnownFileType = sourcecode.c.objc; name = AddCommentViewController.m; path = "View Controllers/AddCommentViewController.m"; sourceTree = "<group>"; };
		AED639951CAF155800C1972E /* AddTopicViewController.h */ = {isa = PBXFileReference; fileEncoding = 4; lastKnownFileType = sourcecode.c.h; name = AddTopicViewController.h; path = "View Controllers/AddTopicViewController.h"; sourceTree = "<group>"; };
		AED639961CAF155800C1972E /* AddTopicViewController.m */ = {isa = PBXFileReference; fileEncoding = 4; lastKnownFileType = sourcecode.c.objc; name = AddTopicViewController.m; path = "View Controllers/AddTopicViewController.m"; sourceTree = "<group>"; };
		AED639971CAF155800C1972E /* CommentsViewController.h */ = {isa = PBXFileReference; fileEncoding = 4; lastKnownFileType = sourcecode.c.h; name = CommentsViewController.h; path = "View Controllers/CommentsViewController.h"; sourceTree = "<group>"; };
		AED639981CAF155800C1972E /* CommentsViewController.m */ = {isa = PBXFileReference; fileEncoding = 4; lastKnownFileType = sourcecode.c.objc; name = CommentsViewController.m; path = "View Controllers/CommentsViewController.m"; sourceTree = "<group>"; };
		AED639991CAF155800C1972E /* TopicsViewController.h */ = {isa = PBXFileReference; fileEncoding = 4; lastKnownFileType = sourcecode.c.h; name = TopicsViewController.h; path = "View Controllers/TopicsViewController.h"; sourceTree = "<group>"; };
		AED6399A1CAF155800C1972E /* TopicsViewController.m */ = {isa = PBXFileReference; fileEncoding = 4; lastKnownFileType = sourcecode.c.objc; name = TopicsViewController.m; path = "View Controllers/TopicsViewController.m"; sourceTree = "<group>"; };
		AED6399B1CAF155800C1972E /* WebViewController.h */ = {isa = PBXFileReference; fileEncoding = 4; lastKnownFileType = sourcecode.c.h; name = WebViewController.h; path = "View Controllers/WebViewController.h"; sourceTree = "<group>"; };
		AED6399C1CAF155800C1972E /* WebViewController.m */ = {isa = PBXFileReference; fileEncoding = 4; lastKnownFileType = sourcecode.c.objc; name = WebViewController.m; path = "View Controllers/WebViewController.m"; sourceTree = "<group>"; };
		AED639AD1CAF64CB00C1972E /* RegisterViewController.h */ = {isa = PBXFileReference; lastKnownFileType = sourcecode.c.h; name = RegisterViewController.h; path = "View Controllers/RegisterViewController.h"; sourceTree = "<group>"; };
		AEEB21091CBEB7C100091DA2 /* DashBoardViewController.h */ = {isa = PBXFileReference; fileEncoding = 4; lastKnownFileType = sourcecode.c.h; name = DashBoardViewController.h; path = "View Controllers/DashBoardViewController.h"; sourceTree = "<group>"; };
		AEEB210A1CBEB7C100091DA2 /* DashBoardViewController.m */ = {isa = PBXFileReference; fileEncoding = 4; lastKnownFileType = sourcecode.c.objc; name = DashBoardViewController.m; path = "View Controllers/DashBoardViewController.m"; sourceTree = "<group>"; };
		AEEB210B1CBEB7C100091DA2 /* DashBoardViewController.xib */ = {isa = PBXFileReference; fileEncoding = 4; lastKnownFileType = file.xib; name = DashBoardViewController.xib; path = Nibs/DashBoardViewController.xib; sourceTree = "<group>"; };
		AEEB210E1CBEBF4A00091DA2 /* View.xib */ = {isa = PBXFileReference; fileEncoding = 4; lastKnownFileType = file.xib; path = View.xib; sourceTree = "<group>"; };
		AEEB21101CBEBFEB00091DA2 /* LaunchScreen.storyboard */ = {isa = PBXFileReference; fileEncoding = 4; lastKnownFileType = file.storyboard; path = LaunchScreen.storyboard; sourceTree = "<group>"; };
		AEEB21121CBEC90E00091DA2 /* AboutUsViewController.h */ = {isa = PBXFileReference; fileEncoding = 4; lastKnownFileType = sourcecode.c.h; path = AboutUsViewController.h; sourceTree = "<group>"; };
		AEEB21131CBEC90E00091DA2 /* AboutUsViewController.m */ = {isa = PBXFileReference; fileEncoding = 4; lastKnownFileType = sourcecode.c.objc; path = AboutUsViewController.m; sourceTree = "<group>"; };
		AEEB21141CBEC90E00091DA2 /* AboutUsViewController.xib */ = {isa = PBXFileReference; fileEncoding = 4; lastKnownFileType = file.xib; path = AboutUsViewController.xib; sourceTree = "<group>"; };
		AEEB21171CBECB1C00091DA2 /* AVFoundation.framework */ = {isa = PBXFileReference; lastKnownFileType = wrapper.framework; name = AVFoundation.framework; path = System/Library/Frameworks/AVFoundation.framework; sourceTree = SDKROOT; };
		AEEB21191CBEFBAD00091DA2 /* SiteCell.h */ = {isa = PBXFileReference; fileEncoding = 4; lastKnownFileType = sourcecode.c.h; path = SiteCell.h; sourceTree = "<group>"; };
		AEEB211A1CBEFBAD00091DA2 /* SiteCell.m */ = {isa = PBXFileReference; fileEncoding = 4; lastKnownFileType = sourcecode.c.objc; path = SiteCell.m; sourceTree = "<group>"; };
		AEEB211C1CBEFBF900091DA2 /* CreatePostingsViewController.h */ = {isa = PBXFileReference; fileEncoding = 4; lastKnownFileType = sourcecode.c.h; path = CreatePostingsViewController.h; sourceTree = "<group>"; };
		AEEB211D1CBEFBF900091DA2 /* CreatePostingsViewController.m */ = {isa = PBXFileReference; fileEncoding = 4; lastKnownFileType = sourcecode.c.objc; path = CreatePostingsViewController.m; sourceTree = "<group>"; };
		AEEB21201CBEFBF900091DA2 /* ViewPostingsViewController.h */ = {isa = PBXFileReference; fileEncoding = 4; lastKnownFileType = sourcecode.c.h; path = ViewPostingsViewController.h; sourceTree = "<group>"; };
		AEEB21211CBEFBF900091DA2 /* ViewPostingsViewController.m */ = {isa = PBXFileReference; fileEncoding = 4; lastKnownFileType = sourcecode.c.objc; path = ViewPostingsViewController.m; sourceTree = "<group>"; };
		AEEB21251CBEFC1300091DA2 /* CreatePostingsViewController.xib */ = {isa = PBXFileReference; fileEncoding = 4; lastKnownFileType = file.xib; path = CreatePostingsViewController.xib; sourceTree = "<group>"; };
		AEEB21271CBEFC1300091DA2 /* ViewPostingDetailsController.xib */ = {isa = PBXFileReference; fileEncoding = 4; lastKnownFileType = file.xib; path = ViewPostingDetailsController.xib; sourceTree = "<group>"; };
		AEEB21301CBF00B000091DA2 /* AllPostingsViewController.h */ = {isa = PBXFileReference; fileEncoding = 4; lastKnownFileType = sourcecode.c.h; path = AllPostingsViewController.h; sourceTree = "<group>"; };
		AEEB21311CBF00B000091DA2 /* AllPostingsViewController.m */ = {isa = PBXFileReference; fileEncoding = 4; lastKnownFileType = sourcecode.c.objc; path = AllPostingsViewController.m; sourceTree = "<group>"; };
		AEEB21321CBF00B000091DA2 /* AllPostingsViewController.xib */ = {isa = PBXFileReference; fileEncoding = 4; lastKnownFileType = file.xib; path = AllPostingsViewController.xib; sourceTree = "<group>"; };
		AEEB21351CBF0EA500091DA2 /* MapKit.framework */ = {isa = PBXFileReference; lastKnownFileType = wrapper.framework; name = MapKit.framework; path = System/Library/Frameworks/MapKit.framework; sourceTree = SDKROOT; };
		AEED2F481CBC2C8400492727 /* pageturn.wav */ = {isa = PBXFileReference; lastKnownFileType = audio.wav; path = pageturn.wav; sourceTree = "<group>"; };
/* End PBXFileReference section */

/* Begin PBXFrameworksBuildPhase section */
		AED639411CAF132300C1972E /* Frameworks */ = {
			isa = PBXFrameworksBuildPhase;
			buildActionMask = 2147483647;
			files = (
				AE1580AC1CC495AE00A9CF95 /* Social.framework in Frameworks */,
				AEEB21361CBF0EA500091DA2 /* MapKit.framework in Frameworks */,
				AEEB21181CBECB1C00091DA2 /* AVFoundation.framework in Frameworks */,
			);
			runOnlyForDeploymentPostprocessing = 0;
		};
/* End PBXFrameworksBuildPhase section */

/* Begin PBXGroup section */
		AED6393B1CAF132300C1972E = {
			isa = PBXGroup;
			children = (
				AE1580AB1CC495AE00A9CF95 /* Social.framework */,
				AEEB21351CBF0EA500091DA2 /* MapKit.framework */,
				AEEB21171CBECB1C00091DA2 /* AVFoundation.framework */,
				AED639461CAF132300C1972E /* Ladder */,
				AED639451CAF132300C1972E /* Products */,
			);
			sourceTree = "<group>";
		};
		AED639451CAF132300C1972E /* Products */ = {
			isa = PBXGroup;
			children = (
				AED639441CAF132300C1972E /* Ladder.app */,
			);
			name = Products;
			sourceTree = "<group>";
		};
		AED639461CAF132300C1972E /* Ladder */ = {
			isa = PBXGroup;
			children = (
				AEED2F471CBC2C0900492727 /* Audio */,
				AED639611CAF13F500C1972E /* Images */,
				AED639601CAF13D100C1972E /* Nibs */,
				AED6395F1CAF13BD00C1972E /* Special Classes */,
				AED6395E1CAF13B300C1972E /* View Controllers */,
				AED639531CAF132300C1972E /* Assets.xcassets */,
				AED639581CAF132300C1972E /* Info.plist */,
				AED639471CAF132300C1972E /* Supporting Files */,
			);
			path = Ladder;
			sourceTree = "<group>";
		};
		AED639471CAF132300C1972E /* Supporting Files */ = {
			isa = PBXGroup;
			children = (
				AED639481CAF132300C1972E /* main.m */,
			);
			name = "Supporting Files";
			sourceTree = "<group>";
		};
		AED6395E1CAF13B300C1972E /* View Controllers */ = {
			isa = PBXGroup;
			children = (
				AEEB21121CBEC90E00091DA2 /* AboutUsViewController.h */,
				AEEB21131CBEC90E00091DA2 /* AboutUsViewController.m */,
				AED639931CAF155800C1972E /* AddCommentViewController.h */,
				AED639941CAF155800C1972E /* AddCommentViewController.m */,
				AED639951CAF155800C1972E /* AddTopicViewController.h */,
				AED639961CAF155800C1972E /* AddTopicViewController.m */,
				AEEB21301CBF00B000091DA2 /* AllPostingsViewController.h */,
				AEEB21311CBF00B000091DA2 /* AllPostingsViewController.m */,
				AED639971CAF155800C1972E /* CommentsViewController.h */,
				AED639981CAF155800C1972E /* CommentsViewController.m */,
				AEEB211C1CBEFBF900091DA2 /* CreatePostingsViewController.h */,
				AEEB211D1CBEFBF900091DA2 /* CreatePostingsViewController.m */,
				AEEB21091CBEB7C100091DA2 /* DashBoardViewController.h */,
				AEEB210A1CBEB7C100091DA2 /* DashBoardViewController.m */,
				AED639641CAF144100C1972E /* OrganizationProfileViewController.h */,
				AED639651CAF144100C1972E /* OrganizationProfileViewController.m */,
				AED639671CAF144100C1972E /* OrganizationRegisterViewController.h */,
				AED639681CAF144100C1972E /* OrganizationRegisterViewController.m */,
				AED6396A1CAF144100C1972E /* ProfileViewController.h */,
				AED6396B1CAF144100C1972E /* ProfileViewController.m */,
				AED639AD1CAF64CB00C1972E /* RegisterViewController.h */,
				AED6396E1CAF144100C1972E /* RegisterViewController.m */,
				AED639991CAF155800C1972E /* TopicsViewController.h */,
				AED6399A1CAF155800C1972E /* TopicsViewController.m */,
				AED639701CAF144100C1972E /* ViewController.h */,
				AED639711CAF144100C1972E /* ViewController.m */,
				AEEB21201CBEFBF900091DA2 /* ViewPostingsViewController.h */,
				AEEB21211CBEFBF900091DA2 /* ViewPostingsViewController.m */,
				AED6399B1CAF155800C1972E /* WebViewController.h */,
				AED6399C1CAF155800C1972E /* WebViewController.m */,
				AED6396D1CAF144100C1972E /* ProfileViewController.h */,
			);
			name = "View Controllers";
			sourceTree = "<group>";
		};
		AED6395F1CAF13BD00C1972E /* Special Classes */ = {
			isa = PBXGroup;
			children = (
				AEEB21191CBEFBAD00091DA2 /* SiteCell.h */,
				AEEB211A1CBEFBAD00091DA2 /* SiteCell.m */,
				AED639621CAF144100C1972E /* AppDelegate.h */,
				AED639631CAF144100C1972E /* AppDelegate.m */,
				AE4FFE6D1CBC96E1006B3179 /* CommentTableViewCell.m */,
				AED639901CAF153300C1972E /* CommentTableViewCell.h */,
				AE4FFE6F1CBC97EE006B3179 /* User.h */,
				AE4FFE701CBC97EE006B3179 /* User.m */,
				AE4FFE721CBCA1EE006B3179 /* UserUtility.h */,
				AE4FFE731CBCA1EE006B3179 /* UserUtility.m */,
				AE1C07CD1CBED7CF007BFD4A /* Organization.h */,
				AE1C07CE1CBED7CF007BFD4A /* Organization.m */,
				AE1C07CF1CBED7CF007BFD4A /* Posting.h */,
				AE1C07D01CBED7CF007BFD4A /* Posting.m */,
				AE1C07D11CBED7CF007BFD4A /* PostingUtility.h */,
				AE1C07D21CBED7CF007BFD4A /* PostingUtility.m */,
			);
			name = "Special Classes";
			sourceTree = "<group>";
		};
		AED639601CAF13D100C1972E /* Nibs */ = {
			isa = PBXGroup;
			children = (
				AEEB21141CBEC90E00091DA2 /* AboutUsViewController.xib */,
				AED639841CAF150000C1972E /* AddCommentViewController.xib */,
				AED639851CAF150000C1972E /* AddTopicViewController.xib */,
				AEEB21321CBF00B000091DA2 /* AllPostingsViewController.xib */,
				AED639861CAF150000C1972E /* CommentsViewController.xib */,
				AED639871CAF150000C1972E /* CommentTableViewCell.xib */,
				AEEB21251CBEFC1300091DA2 /* CreatePostingsViewController.xib */,
				AEEB210B1CBEB7C100091DA2 /* DashBoardViewController.xib */,
				AEEB21101CBEBFEB00091DA2 /* LaunchScreen.storyboard */,
				AED639661CAF144100C1972E /* OrganizationProfileViewController.xib */,
				AED639691CAF144100C1972E /* OrganizationRegisterViewController.xib */,
				AED6396C1CAF144100C1972E /* ProfileViewController.xib */,
				AED6396F1CAF144100C1972E /* RegisterViewController.xib */,
				AED639881CAF150000C1972E /* TopicsViewController.xib */,
				AEEB210E1CBEBF4A00091DA2 /* View.xib */,
				AEEB21271CBEFC1300091DA2 /* ViewPostingDetailsController.xib */,
				AED639891CAF150000C1972E /* WebViewController.xib */,
			);
			name = Nibs;
			sourceTree = "<group>";
		};
		AED639611CAF13F500C1972E /* Images */ = {
			isa = PBXGroup;
			children = (
				AED6397C1CAF14E000C1972E /* anonymous.jpg */,
				AED6397D1CAF14E000C1972E /* browser-icon.png */,
				AED6397E1CAF14E000C1972E /* chat-icon.png */,
				AED6397F1CAF14E000C1972E /* profle-icon.png */,
			);
			name = Images;
			sourceTree = "<group>";
		};
		AEED2F471CBC2C0900492727 /* Audio */ = {
			isa = PBXGroup;
			children = (
				AEED2F481CBC2C8400492727 /* pageturn.wav */,
			);
			name = Audio;
			sourceTree = "<group>";
		};
/* End PBXGroup section */

/* Begin PBXNativeTarget section */
		AED639431CAF132300C1972E /* Ladder */ = {
			isa = PBXNativeTarget;
			buildConfigurationList = AED6395B1CAF132300C1972E /* Build configuration list for PBXNativeTarget "Ladder" */;
			buildPhases = (
				AED639401CAF132300C1972E /* Sources */,
				AED639411CAF132300C1972E /* Frameworks */,
				AED639421CAF132300C1972E /* Resources */,
			);
			buildRules = (
			);
			dependencies = (
			);
			name = Ladder;
			productName = Ladder;
			productReference = AED639441CAF132300C1972E /* Ladder.app */;
			productType = "com.apple.product-type.application";
		};
/* End PBXNativeTarget section */

/* Begin PBXProject section */
		AED6393C1CAF132300C1972E /* Project object */ = {
			isa = PBXProject;
			attributes = {
				LastUpgradeCheck = 0720;
				ORGANIZATIONNAME = Codebusters;
				TargetAttributes = {
					AED639431CAF132300C1972E = {
						CreatedOnToolsVersion = 7.2;
					};
				};
			};
			buildConfigurationList = AED6393F1CAF132300C1972E /* Build configuration list for PBXProject "Ladder" */;
			compatibilityVersion = "Xcode 3.2";
			developmentRegion = English;
			hasScannedForEncodings = 0;
			knownRegions = (
				en,
				Base,
			);
			mainGroup = AED6393B1CAF132300C1972E;
			productRefGroup = AED639451CAF132300C1972E /* Products */;
			projectDirPath = "";
			projectRoot = "";
			targets = (
				AED639431CAF132300C1972E /* Ladder */,
			);
		};
/* End PBXProject section */

/* Begin PBXResourcesBuildPhase section */
		AED639421CAF132300C1972E /* Resources */ = {
			isa = PBXResourcesBuildPhase;
			buildActionMask = 2147483647;
			files = (
				AEEB21281CBEFC1300091DA2 /* CreatePostingsViewController.xib in Resources */,
				AEEB21161CBEC90E00091DA2 /* AboutUsViewController.xib in Resources */,
				AED6398C1CAF150000C1972E /* CommentsViewController.xib in Resources */,
				AED6398A1CAF150000C1972E /* AddCommentViewController.xib in Resources */,
				AED639781CAF144100C1972E /* ProfileViewController.xib in Resources */,
				AED639831CAF14E000C1972E /* profle-icon.png in Resources */,
				AED6398D1CAF150000C1972E /* CommentTableViewCell.xib in Resources */,
				AED639761CAF144100C1972E /* OrganizationRegisterViewController.xib in Resources */,
				AED6397A1CAF144100C1972E /* RegisterViewController.xib in Resources */,
				AED639811CAF14E000C1972E /* browser-icon.png in Resources */,
				AEED2F491CBC2C8400492727 /* pageturn.wav in Resources */,
				AED6398B1CAF150000C1972E /* AddTopicViewController.xib in Resources */,
				AEEB21341CBF00B000091DA2 /* AllPostingsViewController.xib in Resources */,
				AED6398E1CAF150000C1972E /* TopicsViewController.xib in Resources */,
				AED639541CAF132300C1972E /* Assets.xcassets in Resources */,
				AEEB21111CBEBFEB00091DA2 /* LaunchScreen.storyboard in Resources */,
				AED6398F1CAF150000C1972E /* WebViewController.xib in Resources */,
				AED639801CAF14E000C1972E /* anonymous.jpg in Resources */,
				AEEB210F1CBEBF4A00091DA2 /* View.xib in Resources */,
				AEEB212A1CBEFC1300091DA2 /* ViewPostingDetailsController.xib in Resources */,
				AED639821CAF14E000C1972E /* chat-icon.png in Resources */,
				AED639741CAF144100C1972E /* OrganizationProfileViewController.xib in Resources */,
				AEEB210D1CBEB7C100091DA2 /* DashBoardViewController.xib in Resources */,
			);
			runOnlyForDeploymentPostprocessing = 0;
		};
/* End PBXResourcesBuildPhase section */

/* Begin PBXSourcesBuildPhase section */
		AED639401CAF132300C1972E /* Sources */ = {
			isa = PBXSourcesBuildPhase;
			buildActionMask = 2147483647;
			files = (
				AED6397B1CAF144100C1972E /* ViewController.m in Sources */,
				AE4FFE741CBCA1EE006B3179 /* UserUtility.m in Sources */,
				AE1C07D41CBED7CF007BFD4A /* Posting.m in Sources */,
				AED639751CAF144100C1972E /* OrganizationRegisterViewController.m in Sources */,
				AED639A01CAF155800C1972E /* TopicsViewController.m in Sources */,
				AEEB21151CBEC90E00091DA2 /* AboutUsViewController.m in Sources */,
				AEEB211B1CBEFBAD00091DA2 /* SiteCell.m in Sources */,
				AEEB21241CBEFBF900091DA2 /* ViewPostingsViewController.m in Sources */,
				AE4FFE6E1CBC96E1006B3179 /* CommentTableViewCell.m in Sources */,
				AE1C07D51CBED7CF007BFD4A /* PostingUtility.m in Sources */,
				AED6399F1CAF155800C1972E /* CommentsViewController.m in Sources */,
				AED6399E1CAF155800C1972E /* AddTopicViewController.m in Sources */,
				AED639791CAF144100C1972E /* RegisterViewController.m in Sources */,
				AEEB21331CBF00B000091DA2 /* AllPostingsViewController.m in Sources */,
				AED639A11CAF155800C1972E /* WebViewController.m in Sources */,
				AE4FFE711CBC97EE006B3179 /* User.m in Sources */,
				AED639731CAF144100C1972E /* OrganizationProfileViewController.m in Sources */,
				AE1C07D31CBED7CF007BFD4A /* Organization.m in Sources */,
				AED6399D1CAF155800C1972E /* AddCommentViewController.m in Sources */,
				AEEB21221CBEFBF900091DA2 /* CreatePostingsViewController.m in Sources */,
				AED639721CAF144100C1972E /* AppDelegate.m in Sources */,
				AED639491CAF132300C1972E /* main.m in Sources */,
				AEEB210C1CBEB7C100091DA2 /* DashBoardViewController.m in Sources */,
				AED639771CAF144100C1972E /* ProfileViewController.m in Sources */,
			);
			runOnlyForDeploymentPostprocessing = 0;
		};
/* End PBXSourcesBuildPhase section */

/* Begin XCBuildConfiguration section */
		AED639591CAF132300C1972E /* Debug */ = {
			isa = XCBuildConfiguration;
			buildSettings = {
				ALWAYS_SEARCH_USER_PATHS = NO;
				CLANG_CXX_LANGUAGE_STANDARD = "gnu++0x";
				CLANG_CXX_LIBRARY = "libc++";
				CLANG_ENABLE_MODULES = YES;
				CLANG_ENABLE_OBJC_ARC = YES;
				CLANG_WARN_BOOL_CONVERSION = YES;
				CLANG_WARN_CONSTANT_CONVERSION = YES;
				CLANG_WARN_DIRECT_OBJC_ISA_USAGE = YES_ERROR;
				CLANG_WARN_EMPTY_BODY = YES;
				CLANG_WARN_ENUM_CONVERSION = YES;
				CLANG_WARN_INT_CONVERSION = YES;
				CLANG_WARN_OBJC_ROOT_CLASS = YES_ERROR;
				CLANG_WARN_UNREACHABLE_CODE = YES;
				CLANG_WARN__DUPLICATE_METHOD_MATCH = YES;
				"CODE_SIGN_IDENTITY[sdk=iphoneos*]" = "iPhone Developer";
				COPY_PHASE_STRIP = NO;
				DEBUG_INFORMATION_FORMAT = dwarf;
				ENABLE_STRICT_OBJC_MSGSEND = YES;
				ENABLE_TESTABILITY = YES;
				GCC_C_LANGUAGE_STANDARD = gnu99;
				GCC_DYNAMIC_NO_PIC = NO;
				GCC_NO_COMMON_BLOCKS = YES;
				GCC_OPTIMIZATION_LEVEL = 0;
				GCC_PREPROCESSOR_DEFINITIONS = (
					"DEBUG=1",
					"$(inherited)",
				);
				GCC_WARN_64_TO_32_BIT_CONVERSION = YES;
				GCC_WARN_ABOUT_RETURN_TYPE = YES_ERROR;
				GCC_WARN_UNDECLARED_SELECTOR = YES;
				GCC_WARN_UNINITIALIZED_AUTOS = YES_AGGRESSIVE;
				GCC_WARN_UNUSED_FUNCTION = YES;
				GCC_WARN_UNUSED_VARIABLE = YES;
				IPHONEOS_DEPLOYMENT_TARGET = 9.2;
				MTL_ENABLE_DEBUG_INFO = YES;
				ONLY_ACTIVE_ARCH = YES;
				SDKROOT = iphoneos;
				TARGETED_DEVICE_FAMILY = "1,2";
			};
			name = Debug;
		};
		AED6395A1CAF132300C1972E /* Release */ = {
			isa = XCBuildConfiguration;
			buildSettings = {
				ALWAYS_SEARCH_USER_PATHS = NO;
				CLANG_CXX_LANGUAGE_STANDARD = "gnu++0x";
				CLANG_CXX_LIBRARY = "libc++";
				CLANG_ENABLE_MODULES = YES;
				CLANG_ENABLE_OBJC_ARC = YES;
				CLANG_WARN_BOOL_CONVERSION = YES;
				CLANG_WARN_CONSTANT_CONVERSION = YES;
				CLANG_WARN_DIRECT_OBJC_ISA_USAGE = YES_ERROR;
				CLANG_WARN_EMPTY_BODY = YES;
				CLANG_WARN_ENUM_CONVERSION = YES;
				CLANG_WARN_INT_CONVERSION = YES;
				CLANG_WARN_OBJC_ROOT_CLASS = YES_ERROR;
				CLANG_WARN_UNREACHABLE_CODE = YES;
				CLANG_WARN__DUPLICATE_METHOD_MATCH = YES;
				"CODE_SIGN_IDENTITY[sdk=iphoneos*]" = "iPhone Developer";
				COPY_PHASE_STRIP = NO;
				DEBUG_INFORMATION_FORMAT = "dwarf-with-dsym";
				ENABLE_NS_ASSERTIONS = NO;
				ENABLE_STRICT_OBJC_MSGSEND = YES;
				GCC_C_LANGUAGE_STANDARD = gnu99;
				GCC_NO_COMMON_BLOCKS = YES;
				GCC_WARN_64_TO_32_BIT_CONVERSION = YES;
				GCC_WARN_ABOUT_RETURN_TYPE = YES_ERROR;
				GCC_WARN_UNDECLARED_SELECTOR = YES;
				GCC_WARN_UNINITIALIZED_AUTOS = YES_AGGRESSIVE;
				GCC_WARN_UNUSED_FUNCTION = YES;
				GCC_WARN_UNUSED_VARIABLE = YES;
				IPHONEOS_DEPLOYMENT_TARGET = 9.2;
				MTL_ENABLE_DEBUG_INFO = NO;
				SDKROOT = iphoneos;
				TARGETED_DEVICE_FAMILY = "1,2";
				VALIDATE_PRODUCT = YES;
			};
			name = Release;
		};
		AED6395C1CAF132300C1972E /* Debug */ = {
			isa = XCBuildConfiguration;
			buildSettings = {
				ASSETCATALOG_COMPILER_APPICON_NAME = AppIcon;
				INFOPLIST_FILE = Ladder/Info.plist;
				LD_RUNPATH_SEARCH_PATHS = "$(inherited) @executable_path/Frameworks";
				PRODUCT_BUNDLE_IDENTIFIER = tech.gregwood.Ladder;
				PRODUCT_NAME = "$(TARGET_NAME)";
			};
			name = Debug;
		};
		AED6395D1CAF132300C1972E /* Release */ = {
			isa = XCBuildConfiguration;
			buildSettings = {
				ASSETCATALOG_COMPILER_APPICON_NAME = AppIcon;
				INFOPLIST_FILE = Ladder/Info.plist;
				LD_RUNPATH_SEARCH_PATHS = "$(inherited) @executable_path/Frameworks";
				PRODUCT_BUNDLE_IDENTIFIER = tech.gregwood.Ladder;
				PRODUCT_NAME = "$(TARGET_NAME)";
			};
			name = Release;
		};
/* End XCBuildConfiguration section */

/* Begin XCConfigurationList section */
		AED6393F1CAF132300C1972E /* Build configuration list for PBXProject "Ladder" */ = {
			isa = XCConfigurationList;
			buildConfigurations = (
				AED639591CAF132300C1972E /* Debug */,
				AED6395A1CAF132300C1972E /* Release */,
			);
			defaultConfigurationIsVisible = 0;
			defaultConfigurationName = Release;
		};
		AED6395B1CAF132300C1972E /* Build configuration list for PBXNativeTarget "Ladder" */ = {
			isa = XCConfigurationList;
			buildConfigurations = (
				AED6395C1CAF132300C1972E /* Debug */,
				AED6395D1CAF132300C1972E /* Release */,
			);
			defaultConfigurationIsVisible = 0;
			defaultConfigurationName = Release;
		};
/* End XCConfigurationList section */
	};
	rootObject = AED6393C1CAF132300C1972E /* Project object */;
}
