// !$*UTF8*$!
{
	archiveVersion = 1;
	classes = {
	};
	objectVersion = 46;
	objects = {

/* Begin PBXBuildFile section */
		AED639491CAF132300C1972E /* main.m in Sources */ = {isa = PBXBuildFile; fileRef = AED639481CAF132300C1972E /* main.m */; };
		AED639541CAF132300C1972E /* Assets.xcassets in Resources */ = {isa = PBXBuildFile; fileRef = AED639531CAF132300C1972E /* Assets.xcassets */; };
		AED639571CAF132300C1972E /* LaunchScreen.storyboard in Resources */ = {isa = PBXBuildFile; fileRef = AED639551CAF132300C1972E /* LaunchScreen.storyboard */; };
		AED639721CAF144100C1972E /* AppDelegate.m in Sources */ = {isa = PBXBuildFile; fileRef = AED639631CAF144100C1972E /* AppDelegate.m */; };
		AED639731CAF144100C1972E /* OrganizationProfileViewController.m in Sources */ = {isa = PBXBuildFile; fileRef = AED639651CAF144100C1972E /* OrganizationProfileViewController.m */; };
		AED639741CAF144100C1972E /* OrganizationProfileViewController.xib in Resources */ = {isa = PBXBuildFile; fileRef = AED639661CAF144100C1972E /* OrganizationProfileViewController.xib */; };
		AED639751CAF144100C1972E /* OrganizationRegisterViewController.m in Sources */ = {isa = PBXBuildFile; fileRef = AED639681CAF144100C1972E /* OrganizationRegisterViewController.m */; };
		AED639761CAF144100C1972E /* OrganizationRegisterViewController.xib in Resources */ = {isa = PBXBuildFile; fileRef = AED639691CAF144100C1972E /* OrganizationRegisterViewController.xib */; };
		AED639771CAF144100C1972E /* ProfileViewController.m in Sources */ = {isa = PBXBuildFile; fileRef = AED6396B1CAF144100C1972E /* ProfileViewController.m */; };
		AED639781CAF144100C1972E /* ProfileViewController.xib in Resources */ = {isa = PBXBuildFile; fileRef = AED6396C1CAF144100C1972E /* ProfileViewController.xib */; };
		AED639791CAF144100C1972E /* RegisterViewController.m in Sources */ = {isa = PBXBuildFile; fileRef = AED6396E1CAF144100C1972E /* RegisterViewController.m */; };
		AED6397A1CAF144100C1972E /* RegisterViewController.xib in Resources */ = {isa = PBXBuildFile; fileRef = AED6396F1CAF144100C1972E /* RegisterViewController.xib */; };
		AED6397B1CAF144100C1972E /* ViewController.m in Sources */ = {isa = PBXBuildFile; fileRef = AED639711CAF144100C1972E /* ViewController.m */; };
		AED639801CAF14E000C1972E /* anonymous.jpg in Resources */ = {isa = PBXBuildFile; fileRef = AED6397C1CAF14E000C1972E /* anonymous.jpg */; };
		AED639811CAF14E000C1972E /* browser-icon.png in Resources */ = {isa = PBXBuildFile; fileRef = AED6397D1CAF14E000C1972E /* browser-icon.png */; };
		AED639821CAF14E000C1972E /* chat-icon.png in Resources */ = {isa = PBXBuildFile; fileRef = AED6397E1CAF14E000C1972E /* chat-icon.png */; };
		AED639831CAF14E000C1972E /* profle-icon.png in Resources */ = {isa = PBXBuildFile; fileRef = AED6397F1CAF14E000C1972E /* profle-icon.png */; };
		AED6398A1CAF150000C1972E /* AddCommentViewController.xib in Resources */ = {isa = PBXBuildFile; fileRef = AED639841CAF150000C1972E /* AddCommentViewController.xib */; };
		AED6398B1CAF150000C1972E /* AddTopicViewController.xib in Resources */ = {isa = PBXBuildFile; fileRef = AED639851CAF150000C1972E /* AddTopicViewController.xib */; };
		AED6398C1CAF150000C1972E /* CommentsViewController.xib in Resources */ = {isa = PBXBuildFile; fileRef = AED639861CAF150000C1972E /* CommentsViewController.xib */; };
		AED6398D1CAF150000C1972E /* CommentTableViewCell.xib in Resources */ = {isa = PBXBuildFile; fileRef = AED639871CAF150000C1972E /* CommentTableViewCell.xib */; };
		AED6398E1CAF150000C1972E /* TopicsViewController.xib in Resources */ = {isa = PBXBuildFile; fileRef = AED639881CAF150000C1972E /* TopicsViewController.xib */; };
		AED6398F1CAF150000C1972E /* WebViewController.xib in Resources */ = {isa = PBXBuildFile; fileRef = AED639891CAF150000C1972E /* WebViewController.xib */; };
		AED639921CAF153300C1972E /* CommentTableViewCell.m in Sources */ = {isa = PBXBuildFile; fileRef = AED639911CAF153300C1972E /* CommentTableViewCell.m */; };
		AED6399D1CAF155800C1972E /* AddCommentViewController.m in Sources */ = {isa = PBXBuildFile; fileRef = AED639941CAF155800C1972E /* AddCommentViewController.m */; };
		AED6399E1CAF155800C1972E /* AddTopicViewController.m in Sources */ = {isa = PBXBuildFile; fileRef = AED639961CAF155800C1972E /* AddTopicViewController.m */; };
		AED6399F1CAF155800C1972E /* CommentsViewController.m in Sources */ = {isa = PBXBuildFile; fileRef = AED639981CAF155800C1972E /* CommentsViewController.m */; };
		AED639A01CAF155800C1972E /* TopicsViewController.m in Sources */ = {isa = PBXBuildFile; fileRef = AED6399A1CAF155800C1972E /* TopicsViewController.m */; };
		AED639A11CAF155800C1972E /* WebViewController.m in Sources */ = {isa = PBXBuildFile; fileRef = AED6399C1CAF155800C1972E /* WebViewController.m */; };
		AED639A31CAF22CD00C1972E /* View.xib in Resources */ = {isa = PBXBuildFile; fileRef = AED639A21CAF22CD00C1972E /* View.xib */; };
/* End PBXBuildFile section */

/* Begin PBXFileReference section */
		AED639441CAF132300C1972E /* Ladder.app */ = {isa = PBXFileReference; explicitFileType = wrapper.application; includeInIndex = 0; path = Ladder.app; sourceTree = BUILT_PRODUCTS_DIR; };
		AED639481CAF132300C1972E /* main.m */ = {isa = PBXFileReference; lastKnownFileType = sourcecode.c.objc; path = main.m; sourceTree = "<group>"; };
		AED639531CAF132300C1972E /* Assets.xcassets */ = {isa = PBXFileReference; lastKnownFileType = folder.assetcatalog; path = Assets.xcassets; sourceTree = "<group>"; };
		AED639561CAF132300C1972E /* Base */ = {isa = PBXFileReference; lastKnownFileType = file.storyboard; name = Base; path = Base.lproj/LaunchScreen.storyboard; sourceTree = "<group>"; };
		AED639581CAF132300C1972E /* Info.plist */ = {isa = PBXFileReference; lastKnownFileType = text.plist.xml; path = Info.plist; sourceTree = "<group>"; };
		AED639621CAF144100C1972E /* AppDelegate.h */ = {isa = PBXFileReference; fileEncoding = 4; lastKnownFileType = sourcecode.c.h; name = AppDelegate.h; path = ../../../major_project/major_project/AppDelegate.h; sourceTree = "<group>"; };
		AED639631CAF144100C1972E /* AppDelegate.m */ = {isa = PBXFileReference; fileEncoding = 4; lastKnownFileType = sourcecode.c.objc; name = AppDelegate.m; path = ../../../major_project/major_project/AppDelegate.m; sourceTree = "<group>"; };
		AED639641CAF144100C1972E /* OrganizationProfileViewController.h */ = {isa = PBXFileReference; fileEncoding = 4; lastKnownFileType = sourcecode.c.h; name = OrganizationProfileViewController.h; path = ../../../major_project/major_project/OrganizationProfileViewController.h; sourceTree = "<group>"; };
		AED639651CAF144100C1972E /* OrganizationProfileViewController.m */ = {isa = PBXFileReference; fileEncoding = 4; lastKnownFileType = sourcecode.c.objc; name = OrganizationProfileViewController.m; path = ../../../major_project/major_project/OrganizationProfileViewController.m; sourceTree = "<group>"; };
		AED639661CAF144100C1972E /* OrganizationProfileViewController.xib */ = {isa = PBXFileReference; fileEncoding = 4; lastKnownFileType = file.xib; name = OrganizationProfileViewController.xib; path = ../../../major_project/major_project/OrganizationProfileViewController.xib; sourceTree = "<group>"; };
		AED639671CAF144100C1972E /* OrganizationRegisterViewController.h */ = {isa = PBXFileReference; fileEncoding = 4; lastKnownFileType = sourcecode.c.h; name = OrganizationRegisterViewController.h; path = ../../../major_project/major_project/OrganizationRegisterViewController.h; sourceTree = "<group>"; };
		AED639681CAF144100C1972E /* OrganizationRegisterViewController.m */ = {isa = PBXFileReference; fileEncoding = 4; lastKnownFileType = sourcecode.c.objc; name = OrganizationRegisterViewController.m; path = ../../../major_project/major_project/OrganizationRegisterViewController.m; sourceTree = "<group>"; };
		AED639691CAF144100C1972E /* OrganizationRegisterViewController.xib */ = {isa = PBXFileReference; fileEncoding = 4; lastKnownFileType = file.xib; name = OrganizationRegisterViewController.xib; path = ../../../major_project/major_project/OrganizationRegisterViewController.xib; sourceTree = "<group>"; };
		AED6396A1CAF144100C1972E /* ProfileViewController.h */ = {isa = PBXFileReference; fileEncoding = 4; lastKnownFileType = sourcecode.c.h; name = ProfileViewController.h; path = ../../../major_project/major_project/ProfileViewController.h; sourceTree = "<group>"; };
		AED6396B1CAF144100C1972E /* ProfileViewController.m */ = {isa = PBXFileReference; fileEncoding = 4; lastKnownFileType = sourcecode.c.objc; name = ProfileViewController.m; path = ../../../major_project/major_project/ProfileViewController.m; sourceTree = "<group>"; };
		AED6396C1CAF144100C1972E /* ProfileViewController.xib */ = {isa = PBXFileReference; fileEncoding = 4; lastKnownFileType = file.xib; name = ProfileViewController.xib; path = ../../../major_project/major_project/ProfileViewController.xib; sourceTree = "<group>"; };
		AED6396D1CAF144100C1972E /* RegisterViewController.h */ = {isa = PBXFileReference; fileEncoding = 4; lastKnownFileType = sourcecode.c.h; name = RegisterViewController.h; path = ../../../major_project/major_project/RegisterViewController.h; sourceTree = "<group>"; };
		AED6396E1CAF144100C1972E /* RegisterViewController.m */ = {isa = PBXFileReference; fileEncoding = 4; lastKnownFileType = sourcecode.c.objc; name = RegisterViewController.m; path = ../../../major_project/major_project/RegisterViewController.m; sourceTree = "<group>"; };
		AED6396F1CAF144100C1972E /* RegisterViewController.xib */ = {isa = PBXFileReference; fileEncoding = 4; lastKnownFileType = file.xib; name = RegisterViewController.xib; path = ../../../major_project/major_project/RegisterViewController.xib; sourceTree = "<group>"; };
		AED639701CAF144100C1972E /* ViewController.h */ = {isa = PBXFileReference; fileEncoding = 4; lastKnownFileType = sourcecode.c.h; name = ViewController.h; path = ../../../major_project/major_project/ViewController.h; sourceTree = "<group>"; };
		AED639711CAF144100C1972E /* ViewController.m */ = {isa = PBXFileReference; fileEncoding = 4; lastKnownFileType = sourcecode.c.objc; name = ViewController.m; path = ../../../major_project/major_project/ViewController.m; sourceTree = "<group>"; };
		AED6397C1CAF14E000C1972E /* anonymous.jpg */ = {isa = PBXFileReference; lastKnownFileType = image.jpeg; name = anonymous.jpg; path = ../../LadderTest/LadderTest/LadderTest/Images/anonymous.jpg; sourceTree = "<group>"; };
		AED6397D1CAF14E000C1972E /* browser-icon.png */ = {isa = PBXFileReference; lastKnownFileType = image.png; name = "browser-icon.png"; path = "../../LadderTest/LadderTest/LadderTest/Images/browser-icon.png"; sourceTree = "<group>"; };
		AED6397E1CAF14E000C1972E /* chat-icon.png */ = {isa = PBXFileReference; lastKnownFileType = image.png; name = "chat-icon.png"; path = "../../LadderTest/LadderTest/LadderTest/Images/chat-icon.png"; sourceTree = "<group>"; };
		AED6397F1CAF14E000C1972E /* profle-icon.png */ = {isa = PBXFileReference; lastKnownFileType = image.png; name = "profle-icon.png"; path = "../../LadderTest/LadderTest/LadderTest/Images/profle-icon.png"; sourceTree = "<group>"; };
		AED639841CAF150000C1972E /* AddCommentViewController.xib */ = {isa = PBXFileReference; fileEncoding = 4; lastKnownFileType = file.xib; name = AddCommentViewController.xib; path = ../../LadderTest/LadderTest/LadderTest/Nibs/AddCommentViewController.xib; sourceTree = "<group>"; };
		AED639851CAF150000C1972E /* AddTopicViewController.xib */ = {isa = PBXFileReference; fileEncoding = 4; lastKnownFileType = file.xib; name = AddTopicViewController.xib; path = ../../LadderTest/LadderTest/LadderTest/Nibs/AddTopicViewController.xib; sourceTree = "<group>"; };
		AED639861CAF150000C1972E /* CommentsViewController.xib */ = {isa = PBXFileReference; fileEncoding = 4; lastKnownFileType = file.xib; name = CommentsViewController.xib; path = ../../LadderTest/LadderTest/LadderTest/Nibs/CommentsViewController.xib; sourceTree = "<group>"; };
		AED639871CAF150000C1972E /* CommentTableViewCell.xib */ = {isa = PBXFileReference; fileEncoding = 4; lastKnownFileType = file.xib; name = CommentTableViewCell.xib; path = ../../LadderTest/LadderTest/LadderTest/Nibs/CommentTableViewCell.xib; sourceTree = "<group>"; };
		AED639881CAF150000C1972E /* TopicsViewController.xib */ = {isa = PBXFileReference; fileEncoding = 4; lastKnownFileType = file.xib; name = TopicsViewController.xib; path = ../../LadderTest/LadderTest/LadderTest/Nibs/TopicsViewController.xib; sourceTree = "<group>"; };
		AED639891CAF150000C1972E /* WebViewController.xib */ = {isa = PBXFileReference; fileEncoding = 4; lastKnownFileType = file.xib; name = WebViewController.xib; path = ../../LadderTest/LadderTest/LadderTest/Nibs/WebViewController.xib; sourceTree = "<group>"; };
		AED639901CAF153300C1972E /* CommentTableViewCell.h */ = {isa = PBXFileReference; fileEncoding = 4; lastKnownFileType = sourcecode.c.h; name = CommentTableViewCell.h; path = "../../LadderTest/LadderTest/LadderTest/Special Classes/CommentTableViewCell.h"; sourceTree = "<group>"; };
		AED639911CAF153300C1972E /* CommentTableViewCell.m */ = {isa = PBXFileReference; fileEncoding = 4; lastKnownFileType = sourcecode.c.objc; name = CommentTableViewCell.m; path = "../../LadderTest/LadderTest/LadderTest/Special Classes/CommentTableViewCell.m"; sourceTree = "<group>"; };
		AED639931CAF155800C1972E /* AddCommentViewController.h */ = {isa = PBXFileReference; fileEncoding = 4; lastKnownFileType = sourcecode.c.h; name = AddCommentViewController.h; path = "../../LadderTest/LadderTest/LadderTest/View Controllers/AddCommentViewController.h"; sourceTree = "<group>"; };
		AED639941CAF155800C1972E /* AddCommentViewController.m */ = {isa = PBXFileReference; fileEncoding = 4; lastKnownFileType = sourcecode.c.objc; name = AddCommentViewController.m; path = "../../LadderTest/LadderTest/LadderTest/View Controllers/AddCommentViewController.m"; sourceTree = "<group>"; };
		AED639951CAF155800C1972E /* AddTopicViewController.h */ = {isa = PBXFileReference; fileEncoding = 4; lastKnownFileType = sourcecode.c.h; name = AddTopicViewController.h; path = "../../LadderTest/LadderTest/LadderTest/View Controllers/AddTopicViewController.h"; sourceTree = "<group>"; };
		AED639961CAF155800C1972E /* AddTopicViewController.m */ = {isa = PBXFileReference; fileEncoding = 4; lastKnownFileType = sourcecode.c.objc; name = AddTopicViewController.m; path = "../../LadderTest/LadderTest/LadderTest/View Controllers/AddTopicViewController.m"; sourceTree = "<group>"; };
		AED639971CAF155800C1972E /* CommentsViewController.h */ = {isa = PBXFileReference; fileEncoding = 4; lastKnownFileType = sourcecode.c.h; name = CommentsViewController.h; path = "../../LadderTest/LadderTest/LadderTest/View Controllers/CommentsViewController.h"; sourceTree = "<group>"; };
		AED639981CAF155800C1972E /* CommentsViewController.m */ = {isa = PBXFileReference; fileEncoding = 4; lastKnownFileType = sourcecode.c.objc; name = CommentsViewController.m; path = "../../LadderTest/LadderTest/LadderTest/View Controllers/CommentsViewController.m"; sourceTree = "<group>"; };
		AED639991CAF155800C1972E /* TopicsViewController.h */ = {isa = PBXFileReference; fileEncoding = 4; lastKnownFileType = sourcecode.c.h; name = TopicsViewController.h; path = "../../LadderTest/LadderTest/LadderTest/View Controllers/TopicsViewController.h"; sourceTree = "<group>"; };
		AED6399A1CAF155800C1972E /* TopicsViewController.m */ = {isa = PBXFileReference; fileEncoding = 4; lastKnownFileType = sourcecode.c.objc; name = TopicsViewController.m; path = "../../LadderTest/LadderTest/LadderTest/View Controllers/TopicsViewController.m"; sourceTree = "<group>"; };
		AED6399B1CAF155800C1972E /* WebViewController.h */ = {isa = PBXFileReference; fileEncoding = 4; lastKnownFileType = sourcecode.c.h; name = WebViewController.h; path = "../../LadderTest/LadderTest/LadderTest/View Controllers/WebViewController.h"; sourceTree = "<group>"; };
		AED6399C1CAF155800C1972E /* WebViewController.m */ = {isa = PBXFileReference; fileEncoding = 4; lastKnownFileType = sourcecode.c.objc; name = WebViewController.m; path = "../../LadderTest/LadderTest/LadderTest/View Controllers/WebViewController.m"; sourceTree = "<group>"; };
		AED639A21CAF22CD00C1972E /* View.xib */ = {isa = PBXFileReference; fileEncoding = 4; lastKnownFileType = file.xib; path = View.xib; sourceTree = "<group>"; };
/* End PBXFileReference section */

/* Begin PBXFrameworksBuildPhase section */
		AED639411CAF132300C1972E /* Frameworks */ = {
			isa = PBXFrameworksBuildPhase;
			buildActionMask = 2147483647;
			files = (
			);
			runOnlyForDeploymentPostprocessing = 0;
		};
/* End PBXFrameworksBuildPhase section */

/* Begin PBXGroup section */
		AED6393B1CAF132300C1972E = {
			isa = PBXGroup;
			children = (
				AED639461CAF132300C1972E /* Ladder */,
				AED639451CAF132300C1972E /* Products */,
			);
			sourceTree = "<group>";
		};
		AED639451CAF132300C1972E /* Products */ = {
			isa = PBXGroup;
			children = (
				AED639441CAF132300C1972E /* Ladder.app */,
			);
			name = Products;
			sourceTree = "<group>";
		};
		AED639461CAF132300C1972E /* Ladder */ = {
			isa = PBXGroup;
			children = (
				AED639611CAF13F500C1972E /* Images */,
				AED639601CAF13D100C1972E /* Nibs */,
				AED6395F1CAF13BD00C1972E /* Special Classes */,
				AED6395E1CAF13B300C1972E /* View Controllers */,
				AED639531CAF132300C1972E /* Assets.xcassets */,
				AED639581CAF132300C1972E /* Info.plist */,
				AED639471CAF132300C1972E /* Supporting Files */,
			);
			path = Ladder;
			sourceTree = "<group>";
		};
		AED639471CAF132300C1972E /* Supporting Files */ = {
			isa = PBXGroup;
			children = (
				AED639481CAF132300C1972E /* main.m */,
			);
			name = "Supporting Files";
			sourceTree = "<group>";
		};
		AED6395E1CAF13B300C1972E /* View Controllers */ = {
			isa = PBXGroup;
			children = (
				AED639641CAF144100C1972E /* OrganizationProfileViewController.h */,
				AED639651CAF144100C1972E /* OrganizationProfileViewController.m */,
				AED639671CAF144100C1972E /* OrganizationRegisterViewController.h */,
				AED639681CAF144100C1972E /* OrganizationRegisterViewController.m */,
				AED6396A1CAF144100C1972E /* ProfileViewController.h */,
				AED6396B1CAF144100C1972E /* ProfileViewController.m */,
				AED6396D1CAF144100C1972E /* RegisterViewController.h */,
				AED6396E1CAF144100C1972E /* RegisterViewController.m */,
				AED639701CAF144100C1972E /* ViewController.h */,
				AED639711CAF144100C1972E /* ViewController.m */,
				AED639931CAF155800C1972E /* AddCommentViewController.h */,
				AED639941CAF155800C1972E /* AddCommentViewController.m */,
				AED639951CAF155800C1972E /* AddTopicViewController.h */,
				AED639961CAF155800C1972E /* AddTopicViewController.m */,
				AED639971CAF155800C1972E /* CommentsViewController.h */,
				AED639981CAF155800C1972E /* CommentsViewController.m */,
				AED639991CAF155800C1972E /* TopicsViewController.h */,
				AED6399A1CAF155800C1972E /* TopicsViewController.m */,
				AED6399B1CAF155800C1972E /* WebViewController.h */,
				AED6399C1CAF155800C1972E /* WebViewController.m */,
			);
			name = "View Controllers";
			sourceTree = "<group>";
		};
		AED6395F1CAF13BD00C1972E /* Special Classes */ = {
			isa = PBXGroup;
			children = (
				AED639621CAF144100C1972E /* AppDelegate.h */,
				AED639631CAF144100C1972E /* AppDelegate.m */,
				AED639901CAF153300C1972E /* CommentTableViewCell.h */,
				AED639911CAF153300C1972E /* CommentTableViewCell.m */,
			);
			name = "Special Classes";
			sourceTree = "<group>";
		};
		AED639601CAF13D100C1972E /* Nibs */ = {
			isa = PBXGroup;
			children = (
				AED639551CAF132300C1972E /* LaunchScreen.storyboard */,
				AED639661CAF144100C1972E /* OrganizationProfileViewController.xib */,
				AED639691CAF144100C1972E /* OrganizationRegisterViewController.xib */,
				AED6396C1CAF144100C1972E /* ProfileViewController.xib */,
				AED6396F1CAF144100C1972E /* RegisterViewController.xib */,
				AED639841CAF150000C1972E /* AddCommentViewController.xib */,
				AED639851CAF150000C1972E /* AddTopicViewController.xib */,
				AED639861CAF150000C1972E /* CommentsViewController.xib */,
				AED639871CAF150000C1972E /* CommentTableViewCell.xib */,
				AED639881CAF150000C1972E /* TopicsViewController.xib */,
				AED639891CAF150000C1972E /* WebViewController.xib */,
				AED639A21CAF22CD00C1972E /* View.xib */,
			);
			name = Nibs;
			sourceTree = "<group>";
		};
		AED639611CAF13F500C1972E /* Images */ = {
			isa = PBXGroup;
			children = (
				AED6397C1CAF14E000C1972E /* anonymous.jpg */,
				AED6397D1CAF14E000C1972E /* browser-icon.png */,
				AED6397E1CAF14E000C1972E /* chat-icon.png */,
				AED6397F1CAF14E000C1972E /* profle-icon.png */,
			);
			name = Images;
			sourceTree = "<group>";
		};
/* End PBXGroup section */

/* Begin PBXNativeTarget section */
		AED639431CAF132300C1972E /* Ladder */ = {
			isa = PBXNativeTarget;
			buildConfigurationList = AED6395B1CAF132300C1972E /* Build configuration list for PBXNativeTarget "Ladder" */;
			buildPhases = (
				AED639401CAF132300C1972E /* Sources */,
				AED639411CAF132300C1972E /* Frameworks */,
				AED639421CAF132300C1972E /* Resources */,
			);
			buildRules = (
			);
			dependencies = (
			);
			name = Ladder;
			productName = Ladder;
			productReference = AED639441CAF132300C1972E /* Ladder.app */;
			productType = "com.apple.product-type.application";
		};
/* End PBXNativeTarget section */

/* Begin PBXProject section */
		AED6393C1CAF132300C1972E /* Project object */ = {
			isa = PBXProject;
			attributes = {
				LastUpgradeCheck = 0720;
				ORGANIZATIONNAME = Codebusters;
				TargetAttributes = {
					AED639431CAF132300C1972E = {
						CreatedOnToolsVersion = 7.2;
					};
				};
			};
			buildConfigurationList = AED6393F1CAF132300C1972E /* Build configuration list for PBXProject "Ladder" */;
			compatibilityVersion = "Xcode 3.2";
			developmentRegion = English;
			hasScannedForEncodings = 0;
			knownRegions = (
				en,
				Base,
			);
			mainGroup = AED6393B1CAF132300C1972E;
			productRefGroup = AED639451CAF132300C1972E /* Products */;
			projectDirPath = "";
			projectRoot = "";
			targets = (
				AED639431CAF132300C1972E /* Ladder */,
			);
		};
/* End PBXProject section */

/* Begin PBXResourcesBuildPhase section */
		AED639421CAF132300C1972E /* Resources */ = {
			isa = PBXResourcesBuildPhase;
			buildActionMask = 2147483647;
			files = (
				AED6398C1CAF150000C1972E /* CommentsViewController.xib in Resources */,
				AED6398A1CAF150000C1972E /* AddCommentViewController.xib in Resources */,
				AED639781CAF144100C1972E /* ProfileViewController.xib in Resources */,
				AED639831CAF14E000C1972E /* profle-icon.png in Resources */,
				AED6398D1CAF150000C1972E /* CommentTableViewCell.xib in Resources */,
				AED639761CAF144100C1972E /* OrganizationRegisterViewController.xib in Resources */,
				AED6397A1CAF144100C1972E /* RegisterViewController.xib in Resources */,
				AED639811CAF14E000C1972E /* browser-icon.png in Resources */,
				AED639A31CAF22CD00C1972E /* View.xib in Resources */,
				AED639571CAF132300C1972E /* LaunchScreen.storyboard in Resources */,
				AED6398B1CAF150000C1972E /* AddTopicViewController.xib in Resources */,
				AED6398E1CAF150000C1972E /* TopicsViewController.xib in Resources */,
				AED639541CAF132300C1972E /* Assets.xcassets in Resources */,
				AED6398F1CAF150000C1972E /* WebViewController.xib in Resources */,
				AED639801CAF14E000C1972E /* anonymous.jpg in Resources */,
				AED639821CAF14E000C1972E /* chat-icon.png in Resources */,
				AED639741CAF144100C1972E /* OrganizationProfileViewController.xib in Resources */,
			);
			runOnlyForDeploymentPostprocessing = 0;
		};
/* End PBXResourcesBuildPhase section */

/* Begin PBXSourcesBuildPhase section */
		AED639401CAF132300C1972E /* Sources */ = {
			isa = PBXSourcesBuildPhase;
			buildActionMask = 2147483647;
			files = (
				AED6397B1CAF144100C1972E /* ViewController.m in Sources */,
				AED639751CAF144100C1972E /* OrganizationRegisterViewController.m in Sources */,
				AED639A01CAF155800C1972E /* TopicsViewController.m in Sources */,
				AED6399F1CAF155800C1972E /* CommentsViewController.m in Sources */,
				AED6399E1CAF155800C1972E /* AddTopicViewController.m in Sources */,
				AED639791CAF144100C1972E /* RegisterViewController.m in Sources */,
				AED639A11CAF155800C1972E /* WebViewController.m in Sources */,
				AED639731CAF144100C1972E /* OrganizationProfileViewController.m in Sources */,
				AED6399D1CAF155800C1972E /* AddCommentViewController.m in Sources */,
				AED639721CAF144100C1972E /* AppDelegate.m in Sources */,
				AED639491CAF132300C1972E /* main.m in Sources */,
				AED639771CAF144100C1972E /* ProfileViewController.m in Sources */,
				AED639921CAF153300C1972E /* CommentTableViewCell.m in Sources */,
			);
			runOnlyForDeploymentPostprocessing = 0;
		};
/* End PBXSourcesBuildPhase section */

/* Begin PBXVariantGroup section */
		AED639551CAF132300C1972E /* LaunchScreen.storyboard */ = {
			isa = PBXVariantGroup;
			children = (
				AED639561CAF132300C1972E /* Base */,
			);
			name = LaunchScreen.storyboard;
			sourceTree = "<group>";
		};
/* End PBXVariantGroup section */

/* Begin XCBuildConfiguration section */
		AED639591CAF132300C1972E /* Debug */ = {
			isa = XCBuildConfiguration;
			buildSettings = {
				ALWAYS_SEARCH_USER_PATHS = NO;
				CLANG_CXX_LANGUAGE_STANDARD = "gnu++0x";
				CLANG_CXX_LIBRARY = "libc++";
				CLANG_ENABLE_MODULES = YES;
				CLANG_ENABLE_OBJC_ARC = YES;
				CLANG_WARN_BOOL_CONVERSION = YES;
				CLANG_WARN_CONSTANT_CONVERSION = YES;
				CLANG_WARN_DIRECT_OBJC_ISA_USAGE = YES_ERROR;
				CLANG_WARN_EMPTY_BODY = YES;
				CLANG_WARN_ENUM_CONVERSION = YES;
				CLANG_WARN_INT_CONVERSION = YES;
				CLANG_WARN_OBJC_ROOT_CLASS = YES_ERROR;
				CLANG_WARN_UNREACHABLE_CODE = YES;
				CLANG_WARN__DUPLICATE_METHOD_MATCH = YES;
				"CODE_SIGN_IDENTITY[sdk=iphoneos*]" = "iPhone Developer";
				COPY_PHASE_STRIP = NO;
				DEBUG_INFORMATION_FORMAT = dwarf;
				ENABLE_STRICT_OBJC_MSGSEND = YES;
				ENABLE_TESTABILITY = YES;
				GCC_C_LANGUAGE_STANDARD = gnu99;
				GCC_DYNAMIC_NO_PIC = NO;
				GCC_NO_COMMON_BLOCKS = YES;
				GCC_OPTIMIZATION_LEVEL = 0;
				GCC_PREPROCESSOR_DEFINITIONS = (
					"DEBUG=1",
					"$(inherited)",
				);
				GCC_WARN_64_TO_32_BIT_CONVERSION = YES;
				GCC_WARN_ABOUT_RETURN_TYPE = YES_ERROR;
				GCC_WARN_UNDECLARED_SELECTOR = YES;
				GCC_WARN_UNINITIALIZED_AUTOS = YES_AGGRESSIVE;
				GCC_WARN_UNUSED_FUNCTION = YES;
				GCC_WARN_UNUSED_VARIABLE = YES;
				IPHONEOS_DEPLOYMENT_TARGET = 9.2;
				MTL_ENABLE_DEBUG_INFO = YES;
				ONLY_ACTIVE_ARCH = YES;
				SDKROOT = iphoneos;
				TARGETED_DEVICE_FAMILY = "1,2";
			};
			name = Debug;
		};
		AED6395A1CAF132300C1972E /* Release */ = {
			isa = XCBuildConfiguration;
			buildSettings = {
				ALWAYS_SEARCH_USER_PATHS = NO;
				CLANG_CXX_LANGUAGE_STANDARD = "gnu++0x";
				CLANG_CXX_LIBRARY = "libc++";
				CLANG_ENABLE_MODULES = YES;
				CLANG_ENABLE_OBJC_ARC = YES;
				CLANG_WARN_BOOL_CONVERSION = YES;
				CLANG_WARN_CONSTANT_CONVERSION = YES;
				CLANG_WARN_DIRECT_OBJC_ISA_USAGE = YES_ERROR;
				CLANG_WARN_EMPTY_BODY = YES;
				CLANG_WARN_ENUM_CONVERSION = YES;
				CLANG_WARN_INT_CONVERSION = YES;
				CLANG_WARN_OBJC_ROOT_CLASS = YES_ERROR;
				CLANG_WARN_UNREACHABLE_CODE = YES;
				CLANG_WARN__DUPLICATE_METHOD_MATCH = YES;
				"CODE_SIGN_IDENTITY[sdk=iphoneos*]" = "iPhone Developer";
				COPY_PHASE_STRIP = NO;
				DEBUG_INFORMATION_FORMAT = "dwarf-with-dsym";
				ENABLE_NS_ASSERTIONS = NO;
				ENABLE_STRICT_OBJC_MSGSEND = YES;
				GCC_C_LANGUAGE_STANDARD = gnu99;
				GCC_NO_COMMON_BLOCKS = YES;
				GCC_WARN_64_TO_32_BIT_CONVERSION = YES;
				GCC_WARN_ABOUT_RETURN_TYPE = YES_ERROR;
				GCC_WARN_UNDECLARED_SELECTOR = YES;
				GCC_WARN_UNINITIALIZED_AUTOS = YES_AGGRESSIVE;
				GCC_WARN_UNUSED_FUNCTION = YES;
				GCC_WARN_UNUSED_VARIABLE = YES;
				IPHONEOS_DEPLOYMENT_TARGET = 9.2;
				MTL_ENABLE_DEBUG_INFO = NO;
				SDKROOT = iphoneos;
				TARGETED_DEVICE_FAMILY = "1,2";
				VALIDATE_PRODUCT = YES;
			};
			name = Release;
		};
		AED6395C1CAF132300C1972E /* Debug */ = {
			isa = XCBuildConfiguration;
			buildSettings = {
				ASSETCATALOG_COMPILER_APPICON_NAME = AppIcon;
				INFOPLIST_FILE = Ladder/Info.plist;
				LD_RUNPATH_SEARCH_PATHS = "$(inherited) @executable_path/Frameworks";
				PRODUCT_BUNDLE_IDENTIFIER = tech.gregwood.Ladder;
				PRODUCT_NAME = "$(TARGET_NAME)";
			};
			name = Debug;
		};
		AED6395D1CAF132300C1972E /* Release */ = {
			isa = XCBuildConfiguration;
			buildSettings = {
				ASSETCATALOG_COMPILER_APPICON_NAME = AppIcon;
				INFOPLIST_FILE = Ladder/Info.plist;
				LD_RUNPATH_SEARCH_PATHS = "$(inherited) @executable_path/Frameworks";
				PRODUCT_BUNDLE_IDENTIFIER = tech.gregwood.Ladder;
				PRODUCT_NAME = "$(TARGET_NAME)";
			};
			name = Release;
		};
/* End XCBuildConfiguration section */

/* Begin XCConfigurationList section */
		AED6393F1CAF132300C1972E /* Build configuration list for PBXProject "Ladder" */ = {
			isa = XCConfigurationList;
			buildConfigurations = (
				AED639591CAF132300C1972E /* Debug */,
				AED6395A1CAF132300C1972E /* Release */,
			);
			defaultConfigurationIsVisible = 0;
			defaultConfigurationName = Release;
		};
		AED6395B1CAF132300C1972E /* Build configuration list for PBXNativeTarget "Ladder" */ = {
			isa = XCConfigurationList;
			buildConfigurations = (
				AED6395C1CAF132300C1972E /* Debug */,
				AED6395D1CAF132300C1972E /* Release */,
			);
			defaultConfigurationIsVisible = 0;
		};
/* End XCConfigurationList section */
	};
	rootObject = AED6393C1CAF132300C1972E /* Project object */;
}
